
Microsoft Visual Studio Solution File, Format Version 12.00
# Visual Studio 15
VisualStudioVersion = 15.0.27703.2035
MinimumVisualStudioVersion = 10.0.40219.1
Project("{FAE04EC0-301F-11D3-BF4B-00C04F79EFBC}") = "Sound recorder", "Sound recorder\Sound recorder.csproj", "{773B40B5-7EDF-4054-9D8A-B8EF0923DD14}"
EndProject
Global
	GlobalSection(SolutionConfigurationPlatforms) = preSolution
		Debug|Any CPU = Debug|Any CPU
		Release|Any CPU = Release|Any CPU
	EndGlobalSection
	GlobalSection(ProjectConfigurationPlatforms) = postSolution
		{773B40B5-7EDF-4054-9D8A-B8EF0923DD14}.Debug|Any CPU.ActiveCfg = Debug|Any CPU
		{773B40B5-7EDF-4054-9D8A-B8EF0923DD14}.Debug|Any CPU.Build.0 = Debug|Any CPU
		{773B40B5-7EDF-4054-9D8A-B8EF0923DD14}.Release|Any CPU.ActiveCfg = Release|Any CPU
		{773B40B5-7EDF-4054-9D8A-B8EF0923DD14}.Release|Any CPU.Build.0 = Release|Any CPU
	EndGlobalSection
	GlobalSection(SolutionProperties) = preSolution
		HideSolutionNode = FALSE
	EndGlobalSection
	GlobalSection(ExtensibilityGlobals) = postSolution
		SolutionGuid = {6BE94AB3-F332-4CE0-AA41-89E4899672B4}
	EndGlobalSection
EndGlobal
